
Microsoft Visual Studio Solution File, Format Version 12.00
# Visual Studio Version 16
VisualStudioVersion = 16.0.31424.327
MinimumVisualStudioVersion = 10.0.40219.1
Project("{9A19103F-16F7-4668-BE54-9A1E7A4F7556}") = "TC.DAL", "TC.DAL\TC.DAL.csproj", "{16F66D44-B559-4333-82D9-D338D3FB6D23}"
EndProject
Project("{9A19103F-16F7-4668-BE54-9A1E7A4F7556}") = "TC.DomainModels", "TC.DomainModels\TC.DomainModels.csproj", "{FB41D9A7-896D-4E17-BBC0-D46B184F323D}"
EndProject
Project("{9A19103F-16F7-4668-BE54-9A1E7A4F7556}") = "TC.Services", "TC.Services\TC.Services.csproj", "{44ADFE94-9DC4-475D-8787-FC28E4A7160E}"
EndProject
Project("{9A19103F-16F7-4668-BE54-9A1E7A4F7556}") = "TC.Shared", "TC.Shared\TC.Shared.csproj", "{B0E3CF06-2773-486B-BB0E-721CACA39EE0}"
EndProject
Project("{9A19103F-16F7-4668-BE54-9A1E7A4F7556}") = "TC.MVC", "TenisClubApp\TC.MVC.csproj", "{D51E9826-DFC2-4D20-B003-CA59BB78CCE1}"
EndProject
Global
	GlobalSection(SolutionConfigurationPlatforms) = preSolution
		Debug|Any CPU = Debug|Any CPU
		Release|Any CPU = Release|Any CPU
	EndGlobalSection
	GlobalSection(ProjectConfigurationPlatforms) = postSolution
		{16F66D44-B559-4333-82D9-D338D3FB6D23}.Debug|Any CPU.ActiveCfg = Debug|Any CPU
		{16F66D44-B559-4333-82D9-D338D3FB6D23}.Debug|Any CPU.Build.0 = Debug|Any CPU
		{16F66D44-B559-4333-82D9-D338D3FB6D23}.Release|Any CPU.ActiveCfg = Release|Any CPU
		{16F66D44-B559-4333-82D9-D338D3FB6D23}.Release|Any CPU.Build.0 = Release|Any CPU
		{FB41D9A7-896D-4E17-BBC0-D46B184F323D}.Debug|Any CPU.ActiveCfg = Debug|Any CPU
		{FB41D9A7-896D-4E17-BBC0-D46B184F323D}.Debug|Any CPU.Build.0 = Debug|Any CPU
		{FB41D9A7-896D-4E17-BBC0-D46B184F323D}.Release|Any CPU.ActiveCfg = Release|Any CPU
		{FB41D9A7-896D-4E17-BBC0-D46B184F323D}.Release|Any CPU.Build.0 = Release|Any CPU
		{44ADFE94-9DC4-475D-8787-FC28E4A7160E}.Debug|Any CPU.ActiveCfg = Debug|Any CPU
		{44ADFE94-9DC4-475D-8787-FC28E4A7160E}.Debug|Any CPU.Build.0 = Debug|Any CPU
		{44ADFE94-9DC4-475D-8787-FC28E4A7160E}.Release|Any CPU.ActiveCfg = Release|Any CPU
		{44ADFE94-9DC4-475D-8787-FC28E4A7160E}.Release|Any CPU.Build.0 = Release|Any CPU
		{B0E3CF06-2773-486B-BB0E-721CACA39EE0}.Debug|Any CPU.ActiveCfg = Debug|Any CPU
		{B0E3CF06-2773-486B-BB0E-721CACA39EE0}.Debug|Any CPU.Build.0 = Debug|Any CPU
		{B0E3CF06-2773-486B-BB0E-721CACA39EE0}.Release|Any CPU.ActiveCfg = Release|Any CPU
		{B0E3CF06-2773-486B-BB0E-721CACA39EE0}.Release|Any CPU.Build.0 = Release|Any CPU
		{D51E9826-DFC2-4D20-B003-CA59BB78CCE1}.Debug|Any CPU.ActiveCfg = Debug|Any CPU
		{D51E9826-DFC2-4D20-B003-CA59BB78CCE1}.Debug|Any CPU.Build.0 = Debug|Any CPU
		{D51E9826-DFC2-4D20-B003-CA59BB78CCE1}.Release|Any CPU.ActiveCfg = Release|Any CPU
		{D51E9826-DFC2-4D20-B003-CA59BB78CCE1}.Release|Any CPU.Build.0 = Release|Any CPU
	EndGlobalSection
	GlobalSection(SolutionProperties) = preSolution
		HideSolutionNode = FALSE
	EndGlobalSection
	GlobalSection(ExtensibilityGlobals) = postSolution
		SolutionGuid = {6231C99C-6BC0-4DCD-962E-FA08A845DBEF}
	EndGlobalSection
EndGlobal
